{
    "version": 3,
    "terraform_version": "0.12.31",
    "serial": 1,
    "lineage": "de7701fb-b4f3-ee02-135b-2efc92e113f3",
    "modules": [
        {
            "path": [
                "root"
            ],
            "outputs": {
                "aws_iam_policy_tfer--AWSLambdaBasicExecutionRole-aa3b4322-a86f-490c-aa90-f53186d18cad_id": {
                    "sensitive": false,
                    "type": "string",
                    "value": "arn:aws:iam::831926620846:policy/service-role/AWSLambdaBasicExecutionRole-aa3b4322-a86f-490c-aa90-f53186d18cad"
                },
                "aws_iam_policy_tfer--KinesisFirehoseServicePolicy-food-data-firehose-eu-west-2_id": {
                    "sensitive": false,
                    "type": "string",
                    "value": "arn:aws:iam::831926620846:policy/service-role/KinesisFirehoseServicePolicy-food-data-firehose-eu-west-2"
                },
                "aws_iam_role_policy_attachment_tfer--AWSServiceRoleForAppRunner_AppRunnerServiceRolePolicy_id": {
                    "sensitive": false,
                    "type": "string",
                    "value": "AWSServiceRoleForAppRunner/arn:aws:iam::aws:policy/aws-service-role/AppRunnerServiceRolePolicy"
                },
                "aws_iam_role_policy_attachment_tfer--AWSServiceRoleForOrganizations_AWSOrganizationsServiceTrustPolicy_id": {
                    "sensitive": false,
                    "type": "string",
                    "value": "AWSServiceRoleForOrganizations/arn:aws:iam::aws:policy/aws-service-role/AWSOrganizationsServiceTrustPolicy"
                },
                "aws_iam_role_policy_attachment_tfer--AWSServiceRoleForSSO_AWSSSOServiceRolePolicy_id": {
                    "sensitive": false,
                    "type": "string",
                    "value": "AWSServiceRoleForSSO/arn:aws:iam::aws:policy/aws-service-role/AWSSSOServiceRolePolicy"
                },
                "aws_iam_role_policy_attachment_tfer--AWSServiceRoleForSupport_AWSSupportServiceRolePolicy_id": {
                    "sensitive": false,
                    "type": "string",
                    "value": "AWSServiceRoleForSupport/arn:aws:iam::aws:policy/aws-service-role/AWSSupportServiceRolePolicy"
                },
                "aws_iam_role_policy_attachment_tfer--AWSServiceRoleForTrustedAdvisor_AWSTrustedAdvisorServiceRolePolicy_id": {
                    "sensitive": false,
                    "type": "string",
                    "value": "AWSServiceRoleForTrustedAdvisor/arn:aws:iam::aws:policy/aws-service-role/AWSTrustedAdvisorServiceRolePolicy"
                },
                "aws_iam_role_policy_attachment_tfer--KinesisFirehoseServiceRole-food-data-fir-eu-west-2-1728169057153_KinesisFirehoseServicePolicy-food-data-firehose-eu-west-2_id": {
                    "sensitive": false,
                    "type": "string",
                    "value": "KinesisFirehoseServiceRole-food-data-fir-eu-west-2-1728169057153/arn:aws:iam::831926620846:policy/service-role/KinesisFirehoseServicePolicy-food-data-firehose-eu-west-2"
                },
                "aws_iam_role_policy_attachment_tfer--my-food-stream-lambda-function-role-3rz0f9wc_AWSLambdaBasicExecutionRole-aa3b4322-a86f-490c-aa90-f53186d18cad_id": {
                    "sensitive": false,
                    "type": "string",
                    "value": "my-food-stream-lambda-function-role-3rz0f9wc/arn:aws:iam::831926620846:policy/service-role/AWSLambdaBasicExecutionRole-aa3b4322-a86f-490c-aa90-f53186d18cad"
                },
                "aws_iam_role_tfer--AWSServiceRoleForAppRunner_id": {
                    "sensitive": false,
                    "type": "string",
                    "value": "AWSServiceRoleForAppRunner"
                },
                "aws_iam_role_tfer--AWSServiceRoleForOrganizations_id": {
                    "sensitive": false,
                    "type": "string",
                    "value": "AWSServiceRoleForOrganizations"
                },
                "aws_iam_role_tfer--AWSServiceRoleForSSO_id": {
                    "sensitive": false,
                    "type": "string",
                    "value": "AWSServiceRoleForSSO"
                },
                "aws_iam_role_tfer--AWSServiceRoleForSupport_id": {
                    "sensitive": false,
                    "type": "string",
                    "value": "AWSServiceRoleForSupport"
                },
                "aws_iam_role_tfer--AWSServiceRoleForTrustedAdvisor_id": {
                    "sensitive": false,
                    "type": "string",
                    "value": "AWSServiceRoleForTrustedAdvisor"
                },
                "aws_iam_role_tfer--KinesisFirehoseServiceRole-food-data-fir-eu-west-2-1728169057153_id": {
                    "sensitive": false,
                    "type": "string",
                    "value": "KinesisFirehoseServiceRole-food-data-fir-eu-west-2-1728169057153"
                },
                "aws_iam_role_tfer--my-food-stream-lambda-function-role-3rz0f9wc_id": {
                    "sensitive": false,
                    "type": "string",
                    "value": "my-food-stream-lambda-function-role-3rz0f9wc"
                }
            },
            "resources": {
                "aws_iam_policy.tfer--AWSLambdaBasicExecutionRole-aa3b4322-a86f-490c-aa90-f53186d18cad": {
                    "type": "aws_iam_policy",
                    "depends_on": [],
                    "primary": {
                        "id": "arn:aws:iam::831926620846:policy/service-role/AWSLambdaBasicExecutionRole-aa3b4322-a86f-490c-aa90-f53186d18cad",
                        "attributes": {
                            "arn": "arn:aws:iam::831926620846:policy/service-role/AWSLambdaBasicExecutionRole-aa3b4322-a86f-490c-aa90-f53186d18cad",
                            "attachment_count": "1",
                            "description": "",
                            "id": "arn:aws:iam::831926620846:policy/service-role/AWSLambdaBasicExecutionRole-aa3b4322-a86f-490c-aa90-f53186d18cad",
                            "name": "AWSLambdaBasicExecutionRole-aa3b4322-a86f-490c-aa90-f53186d18cad",
                            "name_prefix": "",
                            "path": "/service-role/",
                            "policy": "{\"Statement\":[{\"Action\":\"logs:CreateLogGroup\",\"Effect\":\"Allow\",\"Resource\":\"arn:aws:logs:eu-west-2:831926620846:*\"},{\"Action\":[\"logs:CreateLogStream\",\"logs:PutLogEvents\"],\"Effect\":\"Allow\",\"Resource\":[\"arn:aws:logs:eu-west-2:831926620846:log-group:/aws/lambda/my-food-stream-lambda-function:*\"]}],\"Version\":\"2012-10-17\"}",
                            "policy_id": "ANPA4DMVQ2KXFAN5RE25A",
                            "tags.%": "0",
                            "tags_all.%": "0"
                        },
                        "meta": {
                            "schema_version": 0
                        },
                        "tainted": false
                    },
                    "deposed": [],
                    "provider": "provider.aws"
                },
                "aws_iam_policy.tfer--KinesisFirehoseServicePolicy-food-data-firehose-eu-west-2": {
                    "type": "aws_iam_policy",
                    "depends_on": [],
                    "primary": {
                        "id": "arn:aws:iam::831926620846:policy/service-role/KinesisFirehoseServicePolicy-food-data-firehose-eu-west-2",
                        "attributes": {
                            "arn": "arn:aws:iam::831926620846:policy/service-role/KinesisFirehoseServicePolicy-food-data-firehose-eu-west-2",
                            "attachment_count": "1",
                            "description": "",
                            "id": "arn:aws:iam::831926620846:policy/service-role/KinesisFirehoseServicePolicy-food-data-firehose-eu-west-2",
                            "name": "KinesisFirehoseServicePolicy-food-data-firehose-eu-west-2",
                            "name_prefix": "",
                            "path": "/service-role/",
                            "policy": "{\"Statement\":[{\"Action\":[\"glue:GetTable\",\"glue:GetTableVersion\",\"glue:GetTableVersions\"],\"Effect\":\"Allow\",\"Resource\":[\"arn:aws:glue:eu-west-2:831926620846:catalog\",\"arn:aws:glue:eu-west-2:831926620846:database/%FIREHOSE_POLICY_TEMPLATE_PLACEHOLDER%\",\"arn:aws:glue:eu-west-2:831926620846:table/%FIREHOSE_POLICY_TEMPLATE_PLACEHOLDER%/%FIREHOSE_POLICY_TEMPLATE_PLACEHOLDER%\"],\"Sid\":\"\"},{\"Action\":[\"kafka:GetBootstrapBrokers\",\"kafka:DescribeCluster\",\"kafka:DescribeClusterV2\",\"kafka-cluster:Connect\"],\"Effect\":\"Allow\",\"Resource\":\"arn:aws:kafka:eu-west-2:831926620846:cluster/%FIREHOSE_POLICY_TEMPLATE_PLACEHOLDER%/%FIREHOSE_POLICY_TEMPLATE_PLACEHOLDER%\",\"Sid\":\"\"},{\"Action\":[\"kafka-cluster:DescribeTopic\",\"kafka-cluster:DescribeTopicDynamicConfiguration\",\"kafka-cluster:ReadData\"],\"Effect\":\"Allow\",\"Resource\":\"arn:aws:kafka:eu-west-2:831926620846:topic/%FIREHOSE_POLICY_TEMPLATE_PLACEHOLDER%/%FIREHOSE_POLICY_TEMPLATE_PLACEHOLDER%/%FIREHOSE_POLICY_TEMPLATE_PLACEHOLDER%\",\"Sid\":\"\"},{\"Action\":[\"kafka-cluster:DescribeGroup\"],\"Effect\":\"Allow\",\"Resource\":\"arn:aws:kafka:eu-west-2:831926620846:group/%FIREHOSE_POLICY_TEMPLATE_PLACEHOLDER%/%FIREHOSE_POLICY_TEMPLATE_PLACEHOLDER%/*\",\"Sid\":\"\"},{\"Action\":[\"s3:AbortMultipartUpload\",\"s3:GetBucketLocation\",\"s3:GetObject\",\"s3:ListBucket\",\"s3:ListBucketMultipartUploads\",\"s3:PutObject\"],\"Effect\":\"Allow\",\"Resource\":[\"arn:aws:s3:::my-food-stream-bucket\",\"arn:aws:s3:::my-food-stream-bucket/*\"],\"Sid\":\"\"},{\"Action\":[\"lambda:InvokeFunction\",\"lambda:GetFunctionConfiguration\"],\"Effect\":\"Allow\",\"Resource\":\"arn:aws:lambda:eu-west-2:831926620846:function:my-food-stream-lambda-function:$LATEST\",\"Sid\":\"\"},{\"Action\":[\"kms:GenerateDataKey\",\"kms:Decrypt\"],\"Condition\":{\"StringEquals\":{\"kms:ViaService\":\"s3.eu-west-2.amazonaws.com\"},\"StringLike\":{\"kms:EncryptionContext:aws:s3:arn\":[\"arn:aws:s3:::%FIREHOSE_POLICY_TEMPLATE_PLACEHOLDER%/*\",\"arn:aws:s3:::%FIREHOSE_POLICY_TEMPLATE_PLACEHOLDER%\"]}},\"Effect\":\"Allow\",\"Resource\":[\"arn:aws:kms:eu-west-2:831926620846:key/%FIREHOSE_POLICY_TEMPLATE_PLACEHOLDER%\"]},{\"Action\":[\"logs:PutLogEvents\"],\"Effect\":\"Allow\",\"Resource\":[\"arn:aws:logs:eu-west-2:831926620846:log-group:/aws/kinesisfirehose/food-data-firehose:log-stream:*\",\"arn:aws:logs:eu-west-2:831926620846:log-group:%FIREHOSE_POLICY_TEMPLATE_PLACEHOLDER%:log-stream:*\"],\"Sid\":\"\"},{\"Action\":[\"kinesis:DescribeStream\",\"kinesis:GetShardIterator\",\"kinesis:GetRecords\",\"kinesis:ListShards\"],\"Effect\":\"Allow\",\"Resource\":\"arn:aws:kinesis:eu-west-2:831926620846:stream/food-data-stream\",\"Sid\":\"\"},{\"Action\":[\"kms:Decrypt\"],\"Condition\":{\"StringEquals\":{\"kms:ViaService\":\"kinesis.eu-west-2.amazonaws.com\"},\"StringLike\":{\"kms:EncryptionContext:aws:kinesis:arn\":\"arn:aws:kinesis:eu-west-2:831926620846:stream/food-data-stream\"}},\"Effect\":\"Allow\",\"Resource\":[\"arn:aws:kms:eu-west-2:831926620846:key/%FIREHOSE_POLICY_TEMPLATE_PLACEHOLDER%\"]}],\"Version\":\"2012-10-17\"}",
                            "policy_id": "ANPA4DMVQ2KXNKMBFGRBE",
                            "tags.%": "0",
                            "tags_all.%": "0"
                        },
                        "meta": {
                            "schema_version": 0
                        },
                        "tainted": false
                    },
                    "deposed": [],
                    "provider": "provider.aws"
                },
                "aws_iam_role.tfer--AWSServiceRoleForAppRunner": {
                    "type": "aws_iam_role",
                    "depends_on": [],
                    "primary": {
                        "id": "AWSServiceRoleForAppRunner",
                        "attributes": {
                            "arn": "arn:aws:iam::831926620846:role/aws-service-role/apprunner.amazonaws.com/AWSServiceRoleForAppRunner",
                            "assume_role_policy": "{\"Statement\":[{\"Action\":\"sts:AssumeRole\",\"Effect\":\"Allow\",\"Principal\":{\"Service\":\"apprunner.amazonaws.com\"}}],\"Version\":\"2012-10-17\"}",
                            "create_date": "2024-10-03T15:55:19Z",
                            "description": "",
                            "id": "AWSServiceRoleForAppRunner",
                            "managed_policy_arns.#": "1",
                            "managed_policy_arns.0": "arn:aws:iam::aws:policy/aws-service-role/AppRunnerServiceRolePolicy",
                            "max_session_duration": "3600",
                            "name": "AWSServiceRoleForAppRunner",
                            "name_prefix": "",
                            "path": "/aws-service-role/apprunner.amazonaws.com/",
                            "permissions_boundary": "",
                            "tags.%": "0",
                            "tags_all.%": "0",
                            "unique_id": "AROA4DMVQ2KXPSNSB2DC6"
                        },
                        "meta": {
                            "schema_version": 0
                        },
                        "tainted": false
                    },
                    "deposed": [],
                    "provider": "provider.aws"
                },
                "aws_iam_role.tfer--AWSServiceRoleForOrganizations": {
                    "type": "aws_iam_role",
                    "depends_on": [],
                    "primary": {
                        "id": "AWSServiceRoleForOrganizations",
                        "attributes": {
                            "arn": "arn:aws:iam::831926620846:role/aws-service-role/organizations.amazonaws.com/AWSServiceRoleForOrganizations",
                            "assume_role_policy": "{\"Statement\":[{\"Action\":\"sts:AssumeRole\",\"Effect\":\"Allow\",\"Principal\":{\"Service\":\"organizations.amazonaws.com\"}}],\"Version\":\"2012-10-17\"}",
                            "create_date": "2024-10-06T13:37:41Z",
                            "description": "Service-linked role used by AWS Organizations to enable integration of other AWS services with Organizations.",
                            "id": "AWSServiceRoleForOrganizations",
                            "managed_policy_arns.#": "1",
                            "managed_policy_arns.0": "arn:aws:iam::aws:policy/aws-service-role/AWSOrganizationsServiceTrustPolicy",
                            "max_session_duration": "3600",
                            "name": "AWSServiceRoleForOrganizations",
                            "name_prefix": "",
                            "path": "/aws-service-role/organizations.amazonaws.com/",
                            "permissions_boundary": "",
                            "tags.%": "0",
                            "tags_all.%": "0",
                            "unique_id": "AROA4DMVQ2KXCRDMNI7QE"
                        },
                        "meta": {
                            "schema_version": 0
                        },
                        "tainted": false
                    },
                    "deposed": [],
                    "provider": "provider.aws"
                },
                "aws_iam_role.tfer--AWSServiceRoleForSSO": {
                    "type": "aws_iam_role",
                    "depends_on": [],
                    "primary": {
                        "id": "AWSServiceRoleForSSO",
                        "attributes": {
                            "arn": "arn:aws:iam::831926620846:role/aws-service-role/sso.amazonaws.com/AWSServiceRoleForSSO",
                            "assume_role_policy": "{\"Statement\":[{\"Action\":\"sts:AssumeRole\",\"Effect\":\"Allow\",\"Principal\":{\"Service\":\"sso.amazonaws.com\"}}],\"Version\":\"2012-10-17\"}",
                            "create_date": "2024-10-06T13:37:43Z",
                            "description": "Service-linked role used by AWS SSO to manage AWS resources, including IAM roles, policies and SAML IdP on your behalf.",
                            "id": "AWSServiceRoleForSSO",
                            "managed_policy_arns.#": "1",
                            "managed_policy_arns.0": "arn:aws:iam::aws:policy/aws-service-role/AWSSSOServiceRolePolicy",
                            "max_session_duration": "3600",
                            "name": "AWSServiceRoleForSSO",
                            "name_prefix": "",
                            "path": "/aws-service-role/sso.amazonaws.com/",
                            "permissions_boundary": "",
                            "tags.%": "0",
                            "tags_all.%": "0",
                            "unique_id": "AROA4DMVQ2KXIGZNJ5NPB"
                        },
                        "meta": {
                            "schema_version": 0
                        },
                        "tainted": false
                    },
                    "deposed": [],
                    "provider": "provider.aws"
                },
                "aws_iam_role.tfer--AWSServiceRoleForSupport": {
                    "type": "aws_iam_role",
                    "depends_on": [],
                    "primary": {
                        "id": "AWSServiceRoleForSupport",
                        "attributes": {
                            "arn": "arn:aws:iam::831926620846:role/aws-service-role/support.amazonaws.com/AWSServiceRoleForSupport",
                            "assume_role_policy": "{\"Statement\":[{\"Action\":\"sts:AssumeRole\",\"Effect\":\"Allow\",\"Principal\":{\"Service\":\"support.amazonaws.com\"}}],\"Version\":\"2012-10-17\"}",
                            "create_date": "2024-10-03T14:29:19Z",
                            "description": "Enables resource access for AWS to provide billing, administrative and support services",
                            "id": "AWSServiceRoleForSupport",
                            "managed_policy_arns.#": "1",
                            "managed_policy_arns.0": "arn:aws:iam::aws:policy/aws-service-role/AWSSupportServiceRolePolicy",
                            "max_session_duration": "3600",
                            "name": "AWSServiceRoleForSupport",
                            "name_prefix": "",
                            "path": "/aws-service-role/support.amazonaws.com/",
                            "permissions_boundary": "",
                            "tags.%": "0",
                            "tags_all.%": "0",
                            "unique_id": "AROA4DMVQ2KXBQ2YLXQUK"
                        },
                        "meta": {
                            "schema_version": 0
                        },
                        "tainted": false
                    },
                    "deposed": [],
                    "provider": "provider.aws"
                },
                "aws_iam_role.tfer--AWSServiceRoleForTrustedAdvisor": {
                    "type": "aws_iam_role",
                    "depends_on": [],
                    "primary": {
                        "id": "AWSServiceRoleForTrustedAdvisor",
                        "attributes": {
                            "arn": "arn:aws:iam::831926620846:role/aws-service-role/trustedadvisor.amazonaws.com/AWSServiceRoleForTrustedAdvisor",
                            "assume_role_policy": "{\"Statement\":[{\"Action\":\"sts:AssumeRole\",\"Effect\":\"Allow\",\"Principal\":{\"Service\":\"trustedadvisor.amazonaws.com\"}}],\"Version\":\"2012-10-17\"}",
                            "create_date": "2024-10-03T14:29:19Z",
                            "description": "Access for the AWS Trusted Advisor Service to help reduce cost, increase performance, and improve security of your AWS environment.",
                            "id": "AWSServiceRoleForTrustedAdvisor",
                            "managed_policy_arns.#": "1",
                            "managed_policy_arns.0": "arn:aws:iam::aws:policy/aws-service-role/AWSTrustedAdvisorServiceRolePolicy",
                            "max_session_duration": "3600",
                            "name": "AWSServiceRoleForTrustedAdvisor",
                            "name_prefix": "",
                            "path": "/aws-service-role/trustedadvisor.amazonaws.com/",
                            "permissions_boundary": "",
                            "tags.%": "0",
                            "tags_all.%": "0",
                            "unique_id": "AROA4DMVQ2KXPUBR5A4LG"
                        },
                        "meta": {
                            "schema_version": 0
                        },
                        "tainted": false
                    },
                    "deposed": [],
                    "provider": "provider.aws"
                },
                "aws_iam_role.tfer--KinesisFirehoseServiceRole-food-data-fir-eu-west-2-1728169057153": {
                    "type": "aws_iam_role",
                    "depends_on": [],
                    "primary": {
                        "id": "KinesisFirehoseServiceRole-food-data-fir-eu-west-2-1728169057153",
                        "attributes": {
                            "arn": "arn:aws:iam::831926620846:role/service-role/KinesisFirehoseServiceRole-food-data-fir-eu-west-2-1728169057153",
                            "assume_role_policy": "{\"Statement\":[{\"Action\":\"sts:AssumeRole\",\"Effect\":\"Allow\",\"Principal\":{\"Service\":\"firehose.amazonaws.com\"}}],\"Version\":\"2012-10-17\"}",
                            "create_date": "2024-10-05T23:01:01Z",
                            "description": "",
                            "id": "KinesisFirehoseServiceRole-food-data-fir-eu-west-2-1728169057153",
                            "managed_policy_arns.#": "1",
                            "managed_policy_arns.0": "arn:aws:iam::831926620846:policy/service-role/KinesisFirehoseServicePolicy-food-data-firehose-eu-west-2",
                            "max_session_duration": "3600",
                            "name": "KinesisFirehoseServiceRole-food-data-fir-eu-west-2-1728169057153",
                            "name_prefix": "",
                            "path": "/service-role/",
                            "permissions_boundary": "",
                            "tags.%": "0",
                            "tags_all.%": "0",
                            "unique_id": "AROA4DMVQ2KXNPG7WAODS"
                        },
                        "meta": {
                            "schema_version": 0
                        },
                        "tainted": false
                    },
                    "deposed": [],
                    "provider": "provider.aws"
                },
                "aws_iam_role.tfer--my-food-stream-lambda-function-role-3rz0f9wc": {
                    "type": "aws_iam_role",
                    "depends_on": [],
                    "primary": {
                        "id": "my-food-stream-lambda-function-role-3rz0f9wc",
                        "attributes": {
                            "arn": "arn:aws:iam::831926620846:role/service-role/my-food-stream-lambda-function-role-3rz0f9wc",
                            "assume_role_policy": "{\"Statement\":[{\"Action\":\"sts:AssumeRole\",\"Effect\":\"Allow\",\"Principal\":{\"Service\":\"lambda.amazonaws.com\"}}],\"Version\":\"2012-10-17\"}",
                            "create_date": "2024-10-05T23:14:56Z",
                            "description": "",
                            "id": "my-food-stream-lambda-function-role-3rz0f9wc",
                            "managed_policy_arns.#": "1",
                            "managed_policy_arns.0": "arn:aws:iam::831926620846:policy/service-role/AWSLambdaBasicExecutionRole-aa3b4322-a86f-490c-aa90-f53186d18cad",
                            "max_session_duration": "3600",
                            "name": "my-food-stream-lambda-function-role-3rz0f9wc",
                            "name_prefix": "",
                            "path": "/service-role/",
                            "permissions_boundary": "",
                            "tags.%": "0",
                            "tags_all.%": "0",
                            "unique_id": "AROA4DMVQ2KXBQMGSSSKN"
                        },
                        "meta": {
                            "schema_version": 0
                        },
                        "tainted": false
                    },
                    "deposed": [],
                    "provider": "provider.aws"
                },
                "aws_iam_role_policy_attachment.tfer--AWSServiceRoleForAppRunner_AppRunnerServiceRolePolicy": {
                    "type": "aws_iam_role_policy_attachment",
                    "depends_on": [],
                    "primary": {
                        "id": "AWSServiceRoleForAppRunner/arn:aws:iam::aws:policy/aws-service-role/AppRunnerServiceRolePolicy",
                        "attributes": {
                            "id": "AWSServiceRoleForAppRunner/arn:aws:iam::aws:policy/aws-service-role/AppRunnerServiceRolePolicy",
                            "policy_arn": "arn:aws:iam::aws:policy/aws-service-role/AppRunnerServiceRolePolicy",
                            "role": "AWSServiceRoleForAppRunner"
                        },
                        "meta": {
                            "schema_version": 0
                        },
                        "tainted": false
                    },
                    "deposed": [],
                    "provider": "provider.aws"
                },
                "aws_iam_role_policy_attachment.tfer--AWSServiceRoleForOrganizations_AWSOrganizationsServiceTrustPolicy": {
                    "type": "aws_iam_role_policy_attachment",
                    "depends_on": [],
                    "primary": {
                        "id": "AWSServiceRoleForOrganizations/arn:aws:iam::aws:policy/aws-service-role/AWSOrganizationsServiceTrustPolicy",
                        "attributes": {
                            "id": "AWSServiceRoleForOrganizations/arn:aws:iam::aws:policy/aws-service-role/AWSOrganizationsServiceTrustPolicy",
                            "policy_arn": "arn:aws:iam::aws:policy/aws-service-role/AWSOrganizationsServiceTrustPolicy",
                            "role": "AWSServiceRoleForOrganizations"
                        },
                        "meta": {
                            "schema_version": 0
                        },
                        "tainted": false
                    },
                    "deposed": [],
                    "provider": "provider.aws"
                },
                "aws_iam_role_policy_attachment.tfer--AWSServiceRoleForSSO_AWSSSOServiceRolePolicy": {
                    "type": "aws_iam_role_policy_attachment",
                    "depends_on": [],
                    "primary": {
                        "id": "AWSServiceRoleForSSO/arn:aws:iam::aws:policy/aws-service-role/AWSSSOServiceRolePolicy",
                        "attributes": {
                            "id": "AWSServiceRoleForSSO/arn:aws:iam::aws:policy/aws-service-role/AWSSSOServiceRolePolicy",
                            "policy_arn": "arn:aws:iam::aws:policy/aws-service-role/AWSSSOServiceRolePolicy",
                            "role": "AWSServiceRoleForSSO"
                        },
                        "meta": {
                            "schema_version": 0
                        },
                        "tainted": false
                    },
                    "deposed": [],
                    "provider": "provider.aws"
                },
                "aws_iam_role_policy_attachment.tfer--AWSServiceRoleForSupport_AWSSupportServiceRolePolicy": {
                    "type": "aws_iam_role_policy_attachment",
                    "depends_on": [],
                    "primary": {
                        "id": "AWSServiceRoleForSupport/arn:aws:iam::aws:policy/aws-service-role/AWSSupportServiceRolePolicy",
                        "attributes": {
                            "id": "AWSServiceRoleForSupport/arn:aws:iam::aws:policy/aws-service-role/AWSSupportServiceRolePolicy",
                            "policy_arn": "arn:aws:iam::aws:policy/aws-service-role/AWSSupportServiceRolePolicy",
                            "role": "AWSServiceRoleForSupport"
                        },
                        "meta": {
                            "schema_version": 0
                        },
                        "tainted": false
                    },
                    "deposed": [],
                    "provider": "provider.aws"
                },
                "aws_iam_role_policy_attachment.tfer--AWSServiceRoleForTrustedAdvisor_AWSTrustedAdvisorServiceRolePolicy": {
                    "type": "aws_iam_role_policy_attachment",
                    "depends_on": [],
                    "primary": {
                        "id": "AWSServiceRoleForTrustedAdvisor/arn:aws:iam::aws:policy/aws-service-role/AWSTrustedAdvisorServiceRolePolicy",
                        "attributes": {
                            "id": "AWSServiceRoleForTrustedAdvisor/arn:aws:iam::aws:policy/aws-service-role/AWSTrustedAdvisorServiceRolePolicy",
                            "policy_arn": "arn:aws:iam::aws:policy/aws-service-role/AWSTrustedAdvisorServiceRolePolicy",
                            "role": "AWSServiceRoleForTrustedAdvisor"
                        },
                        "meta": {
                            "schema_version": 0
                        },
                        "tainted": false
                    },
                    "deposed": [],
                    "provider": "provider.aws"
                },
                "aws_iam_role_policy_attachment.tfer--KinesisFirehoseServiceRole-food-data-fir-eu-west-2-1728169057153_KinesisFirehoseServicePolicy-food-data-firehose-eu-west-2": {
                    "type": "aws_iam_role_policy_attachment",
                    "depends_on": [],
                    "primary": {
                        "id": "KinesisFirehoseServiceRole-food-data-fir-eu-west-2-1728169057153/arn:aws:iam::831926620846:policy/service-role/KinesisFirehoseServicePolicy-food-data-firehose-eu-west-2",
                        "attributes": {
                            "id": "KinesisFirehoseServiceRole-food-data-fir-eu-west-2-1728169057153/arn:aws:iam::831926620846:policy/service-role/KinesisFirehoseServicePolicy-food-data-firehose-eu-west-2",
                            "policy_arn": "arn:aws:iam::831926620846:policy/service-role/KinesisFirehoseServicePolicy-food-data-firehose-eu-west-2",
                            "role": "KinesisFirehoseServiceRole-food-data-fir-eu-west-2-1728169057153"
                        },
                        "meta": {
                            "schema_version": 0
                        },
                        "tainted": false
                    },
                    "deposed": [],
                    "provider": "provider.aws"
                },
                "aws_iam_role_policy_attachment.tfer--my-food-stream-lambda-function-role-3rz0f9wc_AWSLambdaBasicExecutionRole-aa3b4322-a86f-490c-aa90-f53186d18cad": {
                    "type": "aws_iam_role_policy_attachment",
                    "depends_on": [],
                    "primary": {
                        "id": "my-food-stream-lambda-function-role-3rz0f9wc/arn:aws:iam::831926620846:policy/service-role/AWSLambdaBasicExecutionRole-aa3b4322-a86f-490c-aa90-f53186d18cad",
                        "attributes": {
                            "id": "my-food-stream-lambda-function-role-3rz0f9wc/arn:aws:iam::831926620846:policy/service-role/AWSLambdaBasicExecutionRole-aa3b4322-a86f-490c-aa90-f53186d18cad",
                            "policy_arn": "arn:aws:iam::831926620846:policy/service-role/AWSLambdaBasicExecutionRole-aa3b4322-a86f-490c-aa90-f53186d18cad",
                            "role": "my-food-stream-lambda-function-role-3rz0f9wc"
                        },
                        "meta": {
                            "schema_version": 0
                        },
                        "tainted": false
                    },
                    "deposed": [],
                    "provider": "provider.aws"
                }
            },
            "depends_on": []
        }
    ]
}
